
Microsoft Visual Studio Solution File, Format Version 12.00
# Visual Studio Version 17
VisualStudioVersion = 17.6.33723.286
MinimumVisualStudioVersion = 10.0.40219.1
Project("{FAE04EC0-301F-11D3-BF4B-00C04F79EFBC}") = "AuctionSite", "AuctionSite\AuctionSite.csproj", "{B55BAF37-00CE-4326-A2C0-B86034CF269F}"
EndProject
Global
	GlobalSection(SolutionConfigurationPlatforms) = preSolution
		Debug|Any CPU = Debug|Any CPU
		Release|Any CPU = Release|Any CPU
	EndGlobalSection
	GlobalSection(ProjectConfigurationPlatforms) = postSolution
		{B55BAF37-00CE-4326-A2C0-B86034CF269F}.Debug|Any CPU.ActiveCfg = Debug|Any CPU
		{B55BAF37-00CE-4326-A2C0-B86034CF269F}.Debug|Any CPU.Build.0 = Debug|Any CPU
		{B55BAF37-00CE-4326-A2C0-B86034CF269F}.Release|Any CPU.ActiveCfg = Release|Any CPU
		{B55BAF37-00CE-4326-A2C0-B86034CF269F}.Release|Any CPU.Build.0 = Release|Any CPU
	EndGlobalSection
	GlobalSection(SolutionProperties) = preSolution
		HideSolutionNode = FALSE
	EndGlobalSection
	GlobalSection(ExtensibilityGlobals) = postSolution
		SolutionGuid = {B5BED15C-6724-4032-AEC0-E2814D832161}
	EndGlobalSection
EndGlobal
